github.com/aws/aws-sdk-go-v2 v1.36.6 h1:zJqGjVbRdTPojeCGWn5IR5pbJwSQSBh5RWFTQcEQGdU=
github.com/aws/aws-sdk-go-v2 v1.36.6/go.mod h1:EYrzvCCN9CMUTa5+6lf6MM4tq3Zjp8UhSGR/cBsjai0=
github.com/aws/aws-sdk-go-v2/aws/protocol/eventstream v1.6.11 h1:12SpdwU8Djs+YGklkinSSlcrPyj3H4VifVsKf78KbwA=
github.com/aws/aws-sdk-go-v2/aws/protocol/eventstream v1.6.11/go.mod h1:dd+Lkp6YmMryke+qxW/VnKyhMBDTYP41Q2Bb+6gNZgY=
github.com/aws/aws-sdk-go-v2/config v1.29.17 h1:jSuiQ5jEe4SAMH6lLRMY9OVC+TqJLP5655pBGjmnjr0=
github.com/aws/aws-sdk-go-v2/config v1.29.17/go.mod h1:9P4wwACpbeXs9Pm9w1QTh6BwWwJjwYvJ1iCt5QbCXh8=
github.com/aws/aws-sdk-go-v2/credentials v1.17.70 h1:ONnH5CM16RTXRkS8Z1qg7/s2eDOhHhaXVd72mmyv4/0=
github.com/aws/aws-sdk-go-v2/credentials v1.17.70/go.mod h1:M+lWhhmomVGgtuPOhO85u4pEa3SmssPTdcYpP/5J/xc=
github.com/aws/aws-sdk-go-v2/feature/ec2/imds v1.16.32 h1:KAXP9JSHO1vKGCr5f4O6WmlVKLFFXgWYAGoJosorxzU=
github.com/aws/aws-sdk-go-v2/feature/ec2/imds v1.16.32/go.mod h1:h4Sg6FQdexC1yYG9RDnOvLbW1a/P986++/Y/a+GyEM8=
github.com/aws/aws-sdk-go-v2/feature/s3/manager v1.17.84 h1:cTXRdLkpBanlDwISl+5chq5ui1d1YWg4PWMR9c3kXyw=
github.com/aws/aws-sdk-go-v2/feature/s3/manager v1.17.84/go.mod h1:kwSy5X7tfIHN39uucmjQVs2LvDdXEjQucgQQEqCggEo=
github.com/aws/aws-sdk-go-v2/internal/configsources v1.3.37 h1:osMWfm/sC/L4tvEdQ65Gri5ZZDCUpuYJZbTTDrsn4I0=
github.com/aws/aws-sdk-go-v2/internal/configsources v1.3.37/go.mod h1:ZV2/1fbjOPr4G4v38G3Ww5TBT4+hmsK45s/rxu1fGy0=
github.com/aws/aws-sdk-go-v2/internal/endpoints/v2 v2.6.37 h1:v+X21AvTb2wZ+ycg1gx+orkB/9U6L7AOp93R7qYxsxM=
github.com/aws/aws-sdk-go-v2/internal/endpoints/v2 v2.6.37/go.mod h1:G0uM1kyssELxmJ2VZEfG0q2npObR3BAkF3c1VsfVnfs=
github.com/aws/aws-sdk-go-v2/internal/ini v1.8.3 h1:bIqFDwgGXXN1Kpp99pDOdKMTTb5d2KyU5X/BZxjOkRo=
github.com/aws/aws-sdk-go-v2/internal/ini v1.8.3/go.mod h1:H5O/EsxDWyU+LP/V8i5sm8cxoZgc2fdNR9bxlOFrQTo=
github.com/aws/aws-sdk-go-v2/internal/v4a v1.3.36 h1:GMYy2EOWfzdP3wfVAGXBNKY5vK4K8vMET4sYOYltmqs=
github.com/aws/aws-sdk-go-v2/internal/v4a v1.3.36/go.mod h1:gDhdAV6wL3PmPqBhiPbnlS447GoWs8HTTOYef9/9Inw=
github.com/aws/aws-sdk-go-v2/service/acm v1.33.1 h1:VAAadBIWgoYoS0tRWkghu1E2LfSsKQw8m/sOkdF1D3E=
github.com/aws/aws-sdk-go-v2/service/acm v1.33.1/go.mod h1:eq3JsAPGHsNfhRbPoVRUVDxtQFynlnFcDXzxFMEeOdQ=
github.com/aws/aws-sdk-go-v2/service/autoscaling v1.54.1 h1:DsCwHidm3y19FV7h/UEylDDxiv+PFoztdMTToYkdMn8=
github.com/aws/aws-sdk-go-v2/service/autoscaling v1.54.1/go.mod h1:MYX+s3uV5xD2kg17cZQtohCkMHzb4EbJk+yaE2cncH0=
github.com/aws/aws-sdk-go-v2/service/cloudfront v1.46.5 h1:F2Qnu3ndjkR9pVn478MuC5b9yQGm3rtSJhoXO6gA+Uk=
github.com/aws/aws-sdk-go-v2/service/cloudfront v1.46.5/go.mod h1:0zgTNyuzL2+HfnkP+w8Z+eKtKu7KbOTWuywJYdjkWfY=
github.com/aws/aws-sdk-go-v2/service/cloudwatch v1.45.4 h1:0uWgUHILgrSF/Gx9Of+Sx6r97A1L9tx0ghTsdhxwcN8=
github.com/aws/aws-sdk-go-v2/service/cloudwatch v1.45.4/go.mod h1:pad4tIMdDzdRqCPkJ1Oxlf1J8NRo0Tud2OY11gsBEOo=
github.com/aws/aws-sdk-go-v2/service/cloudwatchlogs v1.52.0 h1:m6kVT+00x2NuB5ZEBbEV0rT1RCmf5e5e3yiQ7moWBbQ=
github.com/aws/aws-sdk-go-v2/service/cloudwatchlogs v1.52.0/go.mod h1:UseIHRfrm7PqeZo6fcTb6FUCXzCnh1KJbQbmOfxArGM=
github.com/aws/aws-sdk-go-v2/service/ec2 v1.233.0 h1:VxmOsv7MswuKQcSEIurxe4RK9tC6zYnosw9vBvv74lA=
github.com/aws/aws-sdk-go-v2/service/ec2 v1.233.0/go.mod h1:35jGWx7ECvCwTsApqicFYzZ7JFEnBc6oHUuOQ3xIS54=
github.com/aws/aws-sdk-go-v2/service/ecs v1.60.1 h1:AsxK/ozpxjdYeZpdayHHt0GKW4zzJkQzJvDanYS8lvo=
github.com/aws/aws-sdk-go-v2/service/ecs v1.60.1/go.mod h1:pdlaA4blEEJRmelr7ZhfecQ5gPPNvdeBfDzUZrfiGGI=
github.com/aws/aws-sdk-go-v2/service/elasticloadbalancingv2 v1.46.0 h1:3nrkDeiPreARHMoqvS+umxTKcDVkqnRPlz01/kVgG7U=
github.com/aws/aws-sdk-go-v2/service/elasticloadbalancingv2 v1.46.0/go.mod h1:E+At5Cto6ntT+qaNs3RpJKsx1GaFaNB3zzNUFhHL8DE=
github.com/aws/aws-sdk-go-v2/service/iam v1.43.1 h1:xpPZZpbmqIJse9OH+Kf/bW/n+bRe0BtE/LtHvBJYcbc=
github.com/aws/aws-sdk-go-v2/service/iam v1.43.1/go.mod h1:/IEkOg5Gkv2HFxOb3Prs84xpRyxO9P/9Zow/clWl84Q=
github.com/aws/aws-sdk-go-v2/service/internal/accept-encoding v1.12.4 h1:CXV68E2dNqhuynZJPB80bhPQwAKqBWVer887figW6Jc=
github.com/aws/aws-sdk-go-v2/service/internal/accept-encoding v1.12.4/go.mod h1:/xFi9KtvBXP97ppCz1TAEvU1Uf66qvid89rbem3wCzQ=
github.com/aws/aws-sdk-go-v2/service/internal/checksum v1.7.4 h1:nAP2GYbfh8dd2zGZqFRSMlq+/F6cMPBUuCsGAMkN074=
github.com/aws/aws-sdk-go-v2/service/internal/checksum v1.7.4/go.mod h1:LT10DsiGjLWh4GbjInf9LQejkYEhBgBCjLG5+lvk4EE=
github.com/aws/aws-sdk-go-v2/service/internal/presigned-url v1.12.17 h1:t0E6FzREdtCsiLIoLCWsYliNsRBgyGD/MCK571qk4MI=
github.com/aws/aws-sdk-go-v2/service/internal/presigned-url v1.12.17/go.mod h1:ygpklyoaypuyDvOM5ujWGrYWpAK3h7ugnmKCU/76Ys4=
github.com/aws/aws-sdk-go-v2/service/internal/s3shared v1.18.17 h1:qcLWgdhq45sDM9na4cvXax9dyLitn8EYBRl8Ak4XtG4=
github.com/aws/aws-sdk-go-v2/service/internal/s3shared v1.18.17/go.mod h1:M+jkjBFZ2J6DJrjMv2+vkBbuht6kxJYtJiwoVgX4p4U=
github.com/aws/aws-sdk-go-v2/service/lambda v1.72.1 h1:+OB7rDFFAjNj6WeDwvP4yQVQxqiy1VSr9+6UzVNFRhw=
github.com/aws/aws-sdk-go-v2/service/lambda v1.72.1/go.mod h1:JE2aLHT2ZIj9Ep5mBJ9jWUnrce6twtmVsWIbuGFL4xg=
github.com/aws/aws-sdk-go-v2/service/route53 v1.53.0 h1:UglIEyurCqfzZkjNdYAuXUGFu/FNWMKP5eorzggvXe8=
github.com/aws/aws-sdk-go-v2/service/route53 v1.53.0/go.mod h1:wi1naoiPnCQG3cyjsivwPON1ZmQt/EJGxFqXzubBTAw=
github.com/aws/aws-sdk-go-v2/service/s3 v1.84.0 h1:0reDqfEN+tB+sozj2r92Bep8MEwBZgtAXTND1Kk9OXg=
github.com/aws/aws-sdk-go-v2/service/s3 v1.84.0/go.mod h1:kUklwasNoCn5YpyAqC/97r6dzTA1SRKJfKq16SXeoDU=
github.com/aws/aws-sdk-go-v2/service/secretsmanager v1.35.8 h1:HD6R8K10gPbN9CNqRDOs42QombXlYeLOr4KkIxe2lQs=
github.com/aws/aws-sdk-go-v2/service/secretsmanager v1.35.8/go.mod h1:x66GdH8qjYTr6Kb4ik38Ewl6moLsg8igbceNsmxVxeA=
github.com/aws/aws-sdk-go-v2/service/ssm v1.60.2 h1:ZvLR/SUQGk8sR+bHl8vXT00zgJ+U1fHDzrlokzz9DDo=
github.com/aws/aws-sdk-go-v2/service/ssm v1.60.2/go.mod h1:H5QEq6SthlWMh8PXfSupp6uTg7iaJ3J36Cf15CPG5zE=
github.com/aws/aws-sdk-go-v2/service/sso v1.25.5 h1:AIRJ3lfb2w/1/8wOOSqYb9fUKGwQbtysJ2H1MofRUPg=
github.com/aws/aws-sdk-go-v2/service/sso v1.25.5/go.mod h1:b7SiVprpU+iGazDUqvRSLf5XmCdn+JtT1on7uNL6Ipc=
github.com/aws/aws-sdk-go-v2/service/ssooidc v1.30.3 h1:BpOxT3yhLwSJ77qIY3DoHAQjZsc4HEGfMCE4NGy3uFg=
github.com/aws/aws-sdk-go-v2/service/ssooidc v1.30.3/go.mod h1:vq/GQR1gOFLquZMSrxUK/cpvKCNVYibNyJ1m7JrU88E=
github.com/aws/aws-sdk-go-v2/service/sts v1.34.0 h1:NFOJ/NXEGV4Rq//71Hs1jC/NvPs1ezajK+yQmkwnPV0=
github.com/aws/aws-sdk-go-v2/service/sts v1.34.0/go.mod h1:7ph2tGpfQvwzgistp2+zga9f+bCjlQJPkPUmMgDSD7w=
github.com/aws/smithy-go v1.22.4 h1:uqXzVZNuNexwc/xrh6Tb56u89WDlJY6HS+KC0S4QSjw=
github.com/aws/smithy-go v1.22.4/go.mod h1:t1ufH5HMublsJYulve2RKmHDC15xu1f26kHCp/HgceI=
github.com/hashicorp/go-version v1.7.0 h1:5tqGy27NaOTB8yJKUZELlFAS/LTKJkrmONwQKeRZfjY=
github.com/hashicorp/go-version v1.7.0/go.mod h1:fltr4n8CU8Ke44wwGCBoEymUuxUHl09ZGVZPK5anwXA=
